version = 1
revision = 3
requires-python = ">=3.14"

[[package]]
name = "certifi"
version = "2026.2.25"
source = { registry = "https://pypi.org/simple" }
sdist = { url = "https://files.pythonhosted.org/packages/af/2d/7bf41579a8986e348fa033a31cdd0e4121114f6bce2457e8876010b092dd/certifi-2026.2.25.tar.gz", hash = "sha256:e887ab5cee78ea814d3472169153c2d12cd43b14bd03329a39a9c6e2e80bfba7", size = 155029, upload-time = "2026-02-25T02:54:17.342Z" }
wheels = [
    { url = "https://files.pythonhosted.org/packages/9a/3c/c17fb3ca2d9c3acff52e30b309f538586f9f5b9c9cf454f3845fc9af4881/certifi-2026.2.25-py3-none-any.whl", hash = "sha256:027692e4402ad994f1c42e52a4997a9763c646b73e4096e4d5d6db8af1d6f0fa", size = 153684, upload-time = "2026-02-25T02:54:15.766Z" },
]

[[package]]
name = "charset-normalizer"
version = "3.4.6"
source = { registry = "https://pypi.org/simple" }
sdist = { url = "https://files.pythonhosted.org/packages/7b/60/e3bec1881450851b087e301bedc3daa9377a4d45f1c26aa90b0b235e38aa/charset_normalizer-3.4.6.tar.gz", hash = "sha256:1ae6b62897110aa7c79ea2f5dd38d1abca6db663687c0b1ad9aed6f6bae3d9d6", size = 143363, upload-time = "2026-03-15T18:53:25.478Z" }
wheels = [
    { url = "https://files.pythonhosted.org/packages/25/6f/ffe1e1259f384594063ea1869bfb6be5cdb8bc81020fc36c3636bc8302a1/charset_normalizer-3.4.6-cp314-cp314-macosx_10_15_universal2.whl", hash = "sha256:9cc6e6d9e571d2f863fa77700701dae73ed5f78881efc8b3f9a4398772ff53e8", size = 294458, upload-time = "2026-03-15T18:51:41.134Z" },
    { url = "https://files.pythonhosted.org/packages/56/60/09bb6c13a8c1016c2ed5c6a6488e4ffef506461aa5161662bd7636936fb1/charset_normalizer-3.4.6-cp314-cp314-manylinux2014_aarch64.manylinux_2_17_aarch64.manylinux_2_28_aarch64.whl", hash = "sha256:ef5960d965e67165d75b7c7ffc60a83ec5abfc5c11b764ec13ea54fbef8b4421", size = 199277, upload-time = "2026-03-15T18:51:42.953Z" },
    { url = "https://files.pythonhosted.org/packages/00/50/dcfbb72a5138bbefdc3332e8d81a23494bf67998b4b100703fd15fa52d81/charset_normalizer-3.4.6-cp314-cp314-manylinux2014_ppc64le.manylinux_2_17_ppc64le.manylinux_2_28_ppc64le.whl", hash = "sha256:b3694e3f87f8ac7ce279d4355645b3c878d24d1424581b46282f24b92f5a4ae2", size = 218758, upload-time = "2026-03-15T18:51:44.339Z" },
    { url = "https://files.pythonhosted.org/packages/03/b3/d79a9a191bb75f5aa81f3aaaa387ef29ce7cb7a9e5074ba8ea095cc073c2/charset_normalizer-3.4.6-cp314-cp314-manylinux2014_s390x.manylinux_2_17_s390x.manylinux_2_28_s390x.whl", hash = "sha256:5d11595abf8dd942a77883a39d81433739b287b6aa71620f15164f8096221b30", size = 215299, upload-time = "2026-03-15T18:51:45.871Z" },
    { url = "https://files.pythonhosted.org/packages/76/7e/bc8911719f7084f72fd545f647601ea3532363927f807d296a8c88a62c0d/charset_normalizer-3.4.6-cp314-cp314-manylinux2014_x86_64.manylinux_2_17_x86_64.manylinux_2_28_x86_64.whl", hash = "sha256:7bda6eebafd42133efdca535b04ccb338ab29467b3f7bf79569883676fc628db", size = 206811, upload-time = "2026-03-15T18:51:47.308Z" },
    { url = "https://files.pythonhosted.org/packages/e2/40/c430b969d41dda0c465aa36cc7c2c068afb67177bef50905ac371b28ccc7/charset_normalizer-3.4.6-cp314-cp314-manylinux_2_31_armv7l.whl", hash = "sha256:bbc8c8650c6e51041ad1be191742b8b421d05bbd3410f43fa2a00c8db87678e8", size = 193706, upload-time = "2026-03-15T18:51:48.849Z" },
    { url = "https://files.pythonhosted.org/packages/48/15/e35e0590af254f7df984de1323640ef375df5761f615b6225ba8deb9799a/charset_normalizer-3.4.6-cp314-cp314-manylinux_2_31_riscv64.manylinux_2_39_riscv64.whl", hash = "sha256:22c6f0c2fbc31e76c3b8a86fba1a56eda6166e238c29cdd3d14befdb4a4e4815", size = 202706, upload-time = "2026-03-15T18:51:50.257Z" },
    { url = "https://files.pythonhosted.org/packages/5e/bd/f736f7b9cc5e93a18b794a50346bb16fbfd6b37f99e8f306f7951d27c17c/charset_normalizer-3.4.6-cp314-cp314-musllinux_1_2_aarch64.whl", hash = "sha256:7edbed096e4a4798710ed6bc75dcaa2a21b68b6c356553ac4823c3658d53743a", size = 202497, upload-time = "2026-03-15T18:51:52.012Z" },
    { url = "https://files.pythonhosted.org/packages/9d/ba/2cc9e3e7dfdf7760a6ed8da7446d22536f3d0ce114ac63dee2a5a3599e62/charset_normalizer-3.4.6-cp314-cp314-musllinux_1_2_armv7l.whl", hash = "sha256:7f9019c9cb613f084481bd6a100b12e1547cf2efe362d873c2e31e4035a6fa43", size = 193511, upload-time = "2026-03-15T18:51:53.723Z" },
    { url = "https://files.pythonhosted.org/packages/9e/cb/5be49b5f776e5613be07298c80e1b02a2d900f7a7de807230595c85a8b2e/charset_normalizer-3.4.6-cp314-cp314-musllinux_1_2_ppc64le.whl", hash = "sha256:58c948d0d086229efc484fe2f30c2d382c86720f55cd9bc33591774348ad44e0", size = 220133, upload-time = "2026-03-15T18:51:55.333Z" },
    { url = "https://files.pythonhosted.org/packages/83/43/99f1b5dad345accb322c80c7821071554f791a95ee50c1c90041c157ae99/charset_normalizer-3.4.6-cp314-cp314-musllinux_1_2_riscv64.whl", hash = "sha256:419a9d91bd238052642a51938af8ac05da5b3343becde08d5cdeab9046df9ee1", size = 203035, upload-time = "2026-03-15T18:51:56.736Z" },
    { url = "https://files.pythonhosted.org/packages/87/9a/62c2cb6a531483b55dddff1a68b3d891a8b498f3ca555fbcf2978e804d9d/charset_normalizer-3.4.6-cp314-cp314-musllinux_1_2_s390x.whl", hash = "sha256:5273b9f0b5835ff0350c0828faea623c68bfa65b792720c453e22b25cc72930f", size = 216321, upload-time = "2026-03-15T18:51:58.17Z" },
    { url = "https://files.pythonhosted.org/packages/6e/79/94a010ff81e3aec7c293eb82c28f930918e517bc144c9906a060844462eb/charset_normalizer-3.4.6-cp314-cp314-musllinux_1_2_x86_64.whl", hash = "sha256:0e901eb1049fdb80f5bd11ed5ea1e498ec423102f7a9b9e4645d5b8204ff2815", size = 208973, upload-time = "2026-03-15T18:51:59.998Z" },
    { url = "https://files.pythonhosted.org/packages/2a/57/4ecff6d4ec8585342f0c71bc03efaa99cb7468f7c91a57b105bcd561cea8/charset_normalizer-3.4.6-cp314-cp314-win32.whl", hash = "sha256:b4ff1d35e8c5bd078be89349b6f3a845128e685e751b6ea1169cf2160b344c4d", size = 144610, upload-time = "2026-03-15T18:52:02.213Z" },
    { url = "https://files.pythonhosted.org/packages/80/94/8434a02d9d7f168c25767c64671fead8d599744a05d6a6c877144c754246/charset_normalizer-3.4.6-cp314-cp314-win_amd64.whl", hash = "sha256:74119174722c4349af9708993118581686f343adc1c8c9c007d59be90d077f3f", size = 154962, upload-time = "2026-03-15T18:52:03.658Z" },
    { url = "https://files.pythonhosted.org/packages/46/4c/48f2cdbfd923026503dfd67ccea45c94fd8fe988d9056b468579c66ed62b/charset_normalizer-3.4.6-cp314-cp314-win_arm64.whl", hash = "sha256:e5bcc1a1ae744e0bb59641171ae53743760130600da8db48cbb6e4918e186e4e", size = 143595, upload-time = "2026-03-15T18:52:05.123Z" },
    { url = "https://files.pythonhosted.org/packages/31/93/8878be7569f87b14f1d52032946131bcb6ebbd8af3e20446bc04053dc3f1/charset_normalizer-3.4.6-cp314-cp314t-macosx_10_15_universal2.whl", hash = "sha256:ad8faf8df23f0378c6d527d8b0b15ea4a2e23c89376877c598c4870d1b2c7866", size = 314828, upload-time = "2026-03-15T18:52:06.831Z" },
    { url = "https://files.pythonhosted.org/packages/06/b6/fae511ca98aac69ecc35cde828b0a3d146325dd03d99655ad38fc2cc3293/charset_normalizer-3.4.6-cp314-cp314t-manylinux2014_aarch64.manylinux_2_17_aarch64.manylinux_2_28_aarch64.whl", hash = "sha256:f5ea69428fa1b49573eef0cc44a1d43bebd45ad0c611eb7d7eac760c7ae771bc", size = 208138, upload-time = "2026-03-15T18:52:08.239Z" },
    { url = "https://files.pythonhosted.org/packages/54/57/64caf6e1bf07274a1e0b7c160a55ee9e8c9ec32c46846ce59b9c333f7008/charset_normalizer-3.4.6-cp314-cp314t-manylinux2014_ppc64le.manylinux_2_17_ppc64le.manylinux_2_28_ppc64le.whl", hash = "sha256:06a7e86163334edfc5d20fe104db92fcd666e5a5df0977cb5680a506fe26cc8e", size = 224679, upload-time = "2026-03-15T18:52:10.043Z" },
    { url = "https://files.pythonhosted.org/packages/aa/cb/9ff5a25b9273ef160861b41f6937f86fae18b0792fe0a8e75e06acb08f1d/charset_normalizer-3.4.6-cp314-cp314t-manylinux2014_s390x.manylinux_2_17_s390x.manylinux_2_28_s390x.whl", hash = "sha256:e1f6e2f00a6b8edb562826e4632e26d063ac10307e80f7461f7de3ad8ef3f077", size = 223475, upload-time = "2026-03-15T18:52:11.854Z" },
    { url = "https://files.pythonhosted.org/packages/fc/97/440635fc093b8d7347502a377031f9605a1039c958f3cd18dcacffb37743/charset_normalizer-3.4.6-cp314-cp314t-manylinux2014_x86_64.manylinux_2_17_x86_64.manylinux_2_28_x86_64.whl", hash = "sha256:95b52c68d64c1878818687a473a10547b3292e82b6f6fe483808fb1468e2f52f", size = 215230, upload-time = "2026-03-15T18:52:13.325Z" },
    { url = "https://files.pythonhosted.org/packages/cd/24/afff630feb571a13f07c8539fbb502d2ab494019492aaffc78ef41f1d1d0/charset_normalizer-3.4.6-cp314-cp314t-manylinux_2_31_armv7l.whl", hash = "sha256:7504e9b7dc05f99a9bbb4525c67a2c155073b44d720470a148b34166a69c054e", size = 199045, upload-time = "2026-03-15T18:52:14.752Z" },
    { url = "https://files.pythonhosted.org/packages/e5/17/d1399ecdaf7e0498c327433e7eefdd862b41236a7e484355b8e0e5ebd64b/charset_normalizer-3.4.6-cp314-cp314t-manylinux_2_31_riscv64.manylinux_2_39_riscv64.whl", hash = "sha256:172985e4ff804a7ad08eebec0a1640ece87ba5041d565fff23c8f99c1f389484", size = 211658, upload-time = "2026-03-15T18:52:16.278Z" },
    { url = "https://files.pythonhosted.org/packages/b5/38/16baa0affb957b3d880e5ac2144caf3f9d7de7bc4a91842e447fbb5e8b67/charset_normalizer-3.4.6-cp314-cp314t-musllinux_1_2_aarch64.whl", hash = "sha256:4be9f4830ba8741527693848403e2c457c16e499100963ec711b1c6f2049b7c7", size = 210769, upload-time = "2026-03-15T18:52:17.782Z" },
    { url = "https://files.pythonhosted.org/packages/05/34/c531bc6ac4c21da9ddfddb3107be2287188b3ea4b53b70fc58f2a77ac8d8/charset_normalizer-3.4.6-cp314-cp314t-musllinux_1_2_armv7l.whl", hash = "sha256:79090741d842f564b1b2827c0b82d846405b744d31e84f18d7a7b41c20e473ff", size = 201328, upload-time = "2026-03-15T18:52:19.553Z" },
    { url = "https://files.pythonhosted.org/packages/fa/73/a5a1e9ca5f234519c1953608a03fe109c306b97fdfb25f09182babad51a7/charset_normalizer-3.4.6-cp314-cp314t-musllinux_1_2_ppc64le.whl", hash = "sha256:87725cfb1a4f1f8c2fc9890ae2f42094120f4b44db9360be5d99a4c6b0e03a9e", size = 225302, upload-time = "2026-03-15T18:52:21.043Z" },
    { url = "https://files.pythonhosted.org/packages/ba/f6/cd782923d112d296294dea4bcc7af5a7ae0f86ab79f8fefbda5526b6cfc0/charset_normalizer-3.4.6-cp314-cp314t-musllinux_1_2_riscv64.whl", hash = "sha256:fcce033e4021347d80ed9c66dcf1e7b1546319834b74445f561d2e2221de5659", size = 211127, upload-time = "2026-03-15T18:52:22.491Z" },
    { url = "https://files.pythonhosted.org/packages/0e/c5/0b6898950627af7d6103a449b22320372c24c6feda91aa24e201a478d161/charset_normalizer-3.4.6-cp314-cp314t-musllinux_1_2_s390x.whl", hash = "sha256:ca0276464d148c72defa8bb4390cce01b4a0e425f3b50d1435aa6d7a18107602", size = 222840, upload-time = "2026-03-15T18:52:24.113Z" },
    { url = "https://files.pythonhosted.org/packages/7d/25/c4bba773bef442cbdc06111d40daa3de5050a676fa26e85090fc54dd12f0/charset_normalizer-3.4.6-cp314-cp314t-musllinux_1_2_x86_64.whl", hash = "sha256:197c1a244a274bb016dd8b79204850144ef77fe81c5b797dc389327adb552407", size = 216890, upload-time = "2026-03-15T18:52:25.541Z" },
    { url = "https://files.pythonhosted.org/packages/35/1a/05dacadb0978da72ee287b0143097db12f2e7e8d3ffc4647da07a383b0b7/charset_normalizer-3.4.6-cp314-cp314t-win32.whl", hash = "sha256:2a24157fa36980478dd1770b585c0f30d19e18f4fb0c47c13aa568f871718579", size = 155379, upload-time = "2026-03-15T18:52:27.05Z" },
    { url = "https://files.pythonhosted.org/packages/5d/7a/d269d834cb3a76291651256f3b9a5945e81d0a49ab9f4a498964e83c0416/charset_normalizer-3.4.6-cp314-cp314t-win_amd64.whl", hash = "sha256:cd5e2801c89992ed8c0a3f0293ae83c159a60d9a5d685005383ef4caca77f2c4", size = 169043, upload-time = "2026-03-15T18:52:28.502Z" },
    { url = "https://files.pythonhosted.org/packages/23/06/28b29fba521a37a8932c6a84192175c34d49f84a6d4773fa63d05f9aff22/charset_normalizer-3.4.6-cp314-cp314t-win_arm64.whl", hash = "sha256:47955475ac79cc504ef2704b192364e51d0d473ad452caedd0002605f780101c", size = 148523, upload-time = "2026-03-15T18:52:29.956Z" },
    { url = "https://files.pythonhosted.org/packages/2a/68/687187c7e26cb24ccbd88e5069f5ef00eba804d36dde11d99aad0838ab45/charset_normalizer-3.4.6-py3-none-any.whl", hash = "sha256:947cf925bc916d90adba35a64c82aace04fa39b46b52d4630ece166655905a69", size = 61455, upload-time = "2026-03-15T18:53:23.833Z" },
]

[[package]]
name = "click"
version = "8.3.1"
source = { registry = "https://pypi.org/simple" }
dependencies = [
    { name = "colorama", marker = "sys_platform == 'win32'" },
]
sdist = { url = "https://files.pythonhosted.org/packages/3d/fa/656b739db8587d7b5dfa22e22ed02566950fbfbcdc20311993483657a5c0/click-8.3.1.tar.gz", hash = "sha256:12ff4785d337a1bb490bb7e9c2b1ee5da3112e94a8622f26a6c77f5d2fc6842a", size = 295065, upload-time = "2025-11-15T20:45:42.706Z" }
wheels = [
    { url = "https://files.pythonhosted.org/packages/98/78/01c019cdb5d6498122777c1a43056ebb3ebfeef2076d9d026bfe15583b2b/click-8.3.1-py3-none-any.whl", hash = "sha256:981153a64e25f12d547d3426c367a4857371575ee7ad18df2a6183ab0545b2a6", size = 108274, upload-time = "2025-11-15T20:45:41.139Z" },
]

[[package]]
name = "colorama"
version = "0.4.6"
source = { registry = "https://pypi.org/simple" }
sdist = { url = "https://files.pythonhosted.org/packages/d8/53/6f443c9a4a8358a93a6792e2acffb9d9d5cb0a5cfd8802644b7b1c9a02e4/colorama-0.4.6.tar.gz", hash = "sha256:08695f5cb7ed6e0531a20572697297273c47b8cae5a63ffc6d6ed5c201be6e44", size = 27697, upload-time = "2022-10-25T02:36:22.414Z" }
wheels = [
    { url = "https://files.pythonhosted.org/packages/d1/d6/3965ed04c63042e047cb6a3e6ed1a63a35087b6a609aa3a15ed8ac56c221/colorama-0.4.6-py2.py3-none-any.whl", hash = "sha256:4f1d9991f5acc0ca119f9d443620b77f9d6b33703e51011c16baf57afb285fc6", size = 25335, upload-time = "2022-10-25T02:36:20.889Z" },
]

[[package]]
name = "fake-useragent"
version = "2.2.0"
source = { registry = "https://pypi.org/simple" }
sdist = { url = "https://files.pythonhosted.org/packages/41/43/948d10bf42735709edb5ae51e23297d034086f17fc7279fef385a7acb473/fake_useragent-2.2.0.tar.gz", hash = "sha256:4e6ab6571e40cc086d788523cf9e018f618d07f9050f822ff409a4dfe17c16b2", size = 158898, upload-time = "2025-04-14T15:32:19.238Z" }
wheels = [
    { url = "https://files.pythonhosted.org/packages/51/37/b3ea9cd5558ff4cb51957caca2193981c6b0ff30bd0d2630ac62505d99d0/fake_useragent-2.2.0-py3-none-any.whl", hash = "sha256:67f35ca4d847b0d298187443aaf020413746e56acd985a611908c73dba2daa24", size = 161695, upload-time = "2025-04-14T15:32:17.732Z" },
]

[[package]]
name = "gallery-dl"
version = "1.31.10"
source = { registry = "https://pypi.org/simple" }
dependencies = [
    { name = "requests" },
]
sdist = { url = "https://files.pythonhosted.org/packages/a3/ba/7e4c7d37c54e2b4e10698a23e9c7338671b81d14cc7cbba8f5aa53f3101c/gallery_dl-1.31.10.tar.gz", hash = "sha256:d387c41429e14c2646eeb10285bf4777cf0ed3da68ee3f2edcba505f3e137bb7", size = 670757, upload-time = "2026-03-19T10:34:06.433Z" }
wheels = [
    { url = "https://files.pythonhosted.org/packages/30/76/45827ec283a67b934d0b75d99e0682f68b5719b7a71e2cd13d52ae111eee/gallery_dl-1.31.10-py3-none-any.whl", hash = "sha256:59042bffa4193fc267f37767a8128bbd9413ade7d5948bae66ee4c6cb459a799", size = 832655, upload-time = "2026-03-19T10:34:02.786Z" },
]

[[package]]
name = "idna"
version = "3.11"
source = { registry = "https://pypi.org/simple" }
sdist = { url = "https://files.pythonhosted.org/packages/6f/6d/0703ccc57f3a7233505399edb88de3cbd678da106337b9fcde432b65ed60/idna-3.11.tar.gz", hash = "sha256:795dafcc9c04ed0c1fb032c2aa73654d8e8c5023a7df64a53f39190ada629902", size = 194582, upload-time = "2025-10-12T14:55:20.501Z" }
wheels = [
    { url = "https://files.pythonhosted.org/packages/0e/61/66938bbb5fc52dbdf84594873d5b51fb1f7c7794e9c0f5bd885f30bc507b/idna-3.11-py3-none-any.whl", hash = "sha256:771a87f49d9defaf64091e6e6fe9c18d4833f140bd19464795bc32d966ca37ea", size = 71008, upload-time = "2025-10-12T14:55:18.883Z" },
]

[[package]]
name = "mutagen"
version = "1.47.0"
source = { registry = "https://pypi.org/simple" }
sdist = { url = "https://files.pythonhosted.org/packages/81/e6/64bc71b74eef4b68e61eb921dcf72dabd9e4ec4af1e11891bbd312ccbb77/mutagen-1.47.0.tar.gz", hash = "sha256:719fadef0a978c31b4cf3c956261b3c58b6948b32023078a2117b1de09f0fc99", size = 1274186, upload-time = "2023-09-03T16:33:33.411Z" }
wheels = [
    { url = "https://files.pythonhosted.org/packages/b0/7a/620f945b96be1f6ee357d211d5bf74ab1b7fe72a9f1525aafbfe3aee6875/mutagen-1.47.0-py3-none-any.whl", hash = "sha256:edd96f50c5907a9539d8e5bba7245f62c9f520aef333d13392a79a4f70aca719", size = 194391, upload-time = "2023-09-03T16:33:29.955Z" },
]

[[package]]
name = "pillow"
version = "12.1.1"
source = { registry = "https://pypi.org/simple" }
sdist = { url = "https://files.pythonhosted.org/packages/1f/42/5c74462b4fd957fcd7b13b04fb3205ff8349236ea74c7c375766d6c82288/pillow-12.1.1.tar.gz", hash = "sha256:9ad8fa5937ab05218e2b6a4cff30295ad35afd2f83ac592e68c0d871bb0fdbc4", size = 46980264, upload-time = "2026-02-11T04:23:07.146Z" }
wheels = [
    { url = "https://files.pythonhosted.org/packages/03/d0/bebb3ffbf31c5a8e97241476c4cf8b9828954693ce6744b4a2326af3e16b/pillow-12.1.1-cp314-cp314-ios_13_0_arm64_iphoneos.whl", hash = "sha256:417423db963cb4be8bac3fc1204fe61610f6abeed1580a7a2cbb2fbda20f12af", size = 4062652, upload-time = "2026-02-11T04:21:53.19Z" },
    { url = "https://files.pythonhosted.org/packages/2d/c0/0e16fb0addda4851445c28f8350d8c512f09de27bbb0d6d0bbf8b6709605/pillow-12.1.1-cp314-cp314-ios_13_0_arm64_iphonesimulator.whl", hash = "sha256:b957b71c6b2387610f556a7eb0828afbe40b4a98036fc0d2acfa5a44a0c2036f", size = 4138823, upload-time = "2026-02-11T04:22:03.088Z" },
    { url = "https://files.pythonhosted.org/packages/6b/fb/6170ec655d6f6bb6630a013dd7cf7bc218423d7b5fa9071bf63dc32175ae/pillow-12.1.1-cp314-cp314-ios_13_0_x86_64_iphonesimulator.whl", hash = "sha256:097690ba1f2efdeb165a20469d59d8bb03c55fb6621eb2041a060ae8ea3e9642", size = 3601143, upload-time = "2026-02-11T04:22:04.909Z" },
    { url = "https://files.pythonhosted.org/packages/59/04/dc5c3f297510ba9a6837cbb318b87dd2b8f73eb41a43cc63767f65cb599c/pillow-12.1.1-cp314-cp314-macosx_10_15_x86_64.whl", hash = "sha256:2815a87ab27848db0321fb78c7f0b2c8649dee134b7f2b80c6a45c6831d75ccd", size = 5266254, upload-time = "2026-02-11T04:22:07.656Z" },
    { url = "https://files.pythonhosted.org/packages/05/30/5db1236b0d6313f03ebf97f5e17cda9ca060f524b2fcc875149a8360b21c/pillow-12.1.1-cp314-cp314-macosx_11_0_arm64.whl", hash = "sha256:f7ed2c6543bad5a7d5530eb9e78c53132f93dfa44a28492db88b41cdab885202", size = 4657499, upload-time = "2026-02-11T04:22:09.613Z" },
    { url = "https://files.pythonhosted.org/packages/6f/18/008d2ca0eb612e81968e8be0bbae5051efba24d52debf930126d7eaacbba/pillow-12.1.1-cp314-cp314-manylinux2014_aarch64.manylinux_2_17_aarch64.whl", hash = "sha256:652a2c9ccfb556235b2b501a3a7cf3742148cd22e04b5625c5fe057ea3e3191f", size = 6232137, upload-time = "2026-02-11T04:22:11.434Z" },
    { url = "https://files.pythonhosted.org/packages/70/f1/f14d5b8eeb4b2cd62b9f9f847eb6605f103df89ef619ac68f92f748614ea/pillow-12.1.1-cp314-cp314-manylinux2014_x86_64.manylinux_2_17_x86_64.whl", hash = "sha256:d6e4571eedf43af33d0fc233a382a76e849badbccdf1ac438841308652a08e1f", size = 8042721, upload-time = "2026-02-11T04:22:13.321Z" },
    { url = "https://files.pythonhosted.org/packages/5a/d6/17824509146e4babbdabf04d8171491fa9d776f7061ff6e727522df9bd03/pillow-12.1.1-cp314-cp314-manylinux_2_27_aarch64.manylinux_2_28_aarch64.whl", hash = "sha256:b574c51cf7d5d62e9be37ba446224b59a2da26dc4c1bb2ecbe936a4fb1a7cb7f", size = 6347798, upload-time = "2026-02-11T04:22:15.449Z" },
    { url = "https://files.pythonhosted.org/packages/d1/ee/c85a38a9ab92037a75615aba572c85ea51e605265036e00c5b67dfafbfe2/pillow-12.1.1-cp314-cp314-manylinux_2_27_x86_64.manylinux_2_28_x86_64.whl", hash = "sha256:a37691702ed687799de29a518d63d4682d9016932db66d4e90c345831b02fb4e", size = 7039315, upload-time = "2026-02-11T04:22:17.24Z" },
    { url = "https://files.pythonhosted.org/packages/ec/f3/bc8ccc6e08a148290d7523bde4d9a0d6c981db34631390dc6e6ec34cacf6/pillow-12.1.1-cp314-cp314-musllinux_1_2_aarch64.whl", hash = "sha256:f95c00d5d6700b2b890479664a06e754974848afaae5e21beb4d83c106923fd0", size = 6462360, upload-time = "2026-02-11T04:22:19.111Z" },
    { url = "https://files.pythonhosted.org/packages/f6/ab/69a42656adb1d0665ab051eec58a41f169ad295cf81ad45406963105408f/pillow-12.1.1-cp314-cp314-musllinux_1_2_x86_64.whl", hash = "sha256:559b38da23606e68681337ad74622c4dbba02254fc9cb4488a305dd5975c7eeb", size = 7165438, upload-time = "2026-02-11T04:22:21.041Z" },
    { url = "https://files.pythonhosted.org/packages/02/46/81f7aa8941873f0f01d4b55cc543b0a3d03ec2ee30d617a0448bf6bd6dec/pillow-12.1.1-cp314-cp314-win32.whl", hash = "sha256:03edcc34d688572014ff223c125a3f77fb08091e4607e7745002fc214070b35f", size = 6431503, upload-time = "2026-02-11T04:22:22.833Z" },
    { url = "https://files.pythonhosted.org/packages/40/72/4c245f7d1044b67affc7f134a09ea619d4895333d35322b775b928180044/pillow-12.1.1-cp314-cp314-win_amd64.whl", hash = "sha256:50480dcd74fa63b8e78235957d302d98d98d82ccbfac4c7e12108ba9ecbdba15", size = 7176748, upload-time = "2026-02-11T04:22:24.64Z" },
    { url = "https://files.pythonhosted.org/packages/e4/ad/8a87bdbe038c5c698736e3348af5c2194ffb872ea52f11894c95f9305435/pillow-12.1.1-cp314-cp314-win_arm64.whl", hash = "sha256:5cb1785d97b0c3d1d1a16bc1d710c4a0049daefc4935f3a8f31f827f4d3d2e7f", size = 2544314, upload-time = "2026-02-11T04:22:26.685Z" },
    { url = "https://files.pythonhosted.org/packages/6c/9d/efd18493f9de13b87ede7c47e69184b9e859e4427225ea962e32e56a49bc/pillow-12.1.1-cp314-cp314t-macosx_10_15_x86_64.whl", hash = "sha256:1f90cff8aa76835cba5769f0b3121a22bd4eb9e6884cfe338216e557a9a548b8", size = 5268612, upload-time = "2026-02-11T04:22:29.884Z" },
    { url = "https://files.pythonhosted.org/packages/f8/f1/4f42eb2b388eb2ffc660dcb7f7b556c1015c53ebd5f7f754965ef997585b/pillow-12.1.1-cp314-cp314t-macosx_11_0_arm64.whl", hash = "sha256:1f1be78ce9466a7ee64bfda57bdba0f7cc499d9794d518b854816c41bf0aa4e9", size = 4660567, upload-time = "2026-02-11T04:22:31.799Z" },
    { url = "https://files.pythonhosted.org/packages/01/54/df6ef130fa43e4b82e32624a7b821a2be1c5653a5fdad8469687a7db4e00/pillow-12.1.1-cp314-cp314t-manylinux2014_aarch64.manylinux_2_17_aarch64.whl", hash = "sha256:42fc1f4677106188ad9a55562bbade416f8b55456f522430fadab3cef7cd4e60", size = 6269951, upload-time = "2026-02-11T04:22:33.921Z" },
    { url = "https://files.pythonhosted.org/packages/a9/48/618752d06cc44bb4aae8ce0cd4e6426871929ed7b46215638088270d9b34/pillow-12.1.1-cp314-cp314t-manylinux2014_x86_64.manylinux_2_17_x86_64.whl", hash = "sha256:98edb152429ab62a1818039744d8fbb3ccab98a7c29fc3d5fcef158f3f1f68b7", size = 8074769, upload-time = "2026-02-11T04:22:35.877Z" },
    { url = "https://files.pythonhosted.org/packages/c3/bd/f1d71eb39a72fa088d938655afba3e00b38018d052752f435838961127d8/pillow-12.1.1-cp314-cp314t-manylinux_2_27_aarch64.manylinux_2_28_aarch64.whl", hash = "sha256:d470ab1178551dd17fdba0fef463359c41aaa613cdcd7ff8373f54be629f9f8f", size = 6381358, upload-time = "2026-02-11T04:22:37.698Z" },
    { url = "https://files.pythonhosted.org/packages/64/ef/c784e20b96674ed36a5af839305f55616f8b4f8aa8eeccf8531a6e312243/pillow-12.1.1-cp314-cp314t-manylinux_2_27_x86_64.manylinux_2_28_x86_64.whl", hash = "sha256:6408a7b064595afcab0a49393a413732a35788f2a5092fdc6266952ed67de586", size = 7068558, upload-time = "2026-02-11T04:22:39.597Z" },
    { url = "https://files.pythonhosted.org/packages/73/cb/8059688b74422ae61278202c4e1ad992e8a2e7375227be0a21c6b87ca8d5/pillow-12.1.1-cp314-cp314t-musllinux_1_2_aarch64.whl", hash = "sha256:5d8c41325b382c07799a3682c1c258469ea2ff97103c53717b7893862d0c98ce", size = 6493028, upload-time = "2026-02-11T04:22:42.73Z" },
    { url = "https://files.pythonhosted.org/packages/c6/da/e3c008ed7d2dd1f905b15949325934510b9d1931e5df999bb15972756818/pillow-12.1.1-cp314-cp314t-musllinux_1_2_x86_64.whl", hash = "sha256:c7697918b5be27424e9ce568193efd13d925c4481dd364e43f5dff72d33e10f8", size = 7191940, upload-time = "2026-02-11T04:22:44.543Z" },
    { url = "https://files.pythonhosted.org/packages/01/4a/9202e8d11714c1fc5951f2e1ef362f2d7fbc595e1f6717971d5dd750e969/pillow-12.1.1-cp314-cp314t-win32.whl", hash = "sha256:d2912fd8114fc5545aa3a4b5576512f64c55a03f3ebcca4c10194d593d43ea36", size = 6438736, upload-time = "2026-02-11T04:22:46.347Z" },
    { url = "https://files.pythonhosted.org/packages/f3/ca/cbce2327eb9885476b3957b2e82eb12c866a8b16ad77392864ad601022ce/pillow-12.1.1-cp314-cp314t-win_amd64.whl", hash = "sha256:4ceb838d4bd9dab43e06c363cab2eebf63846d6a4aeaea283bbdfd8f1a8ed58b", size = 7182894, upload-time = "2026-02-11T04:22:48.114Z" },
    { url = "https://files.pythonhosted.org/packages/ec/d2/de599c95ba0a973b94410477f8bf0b6f0b5e67360eb89bcb1ad365258beb/pillow-12.1.1-cp314-cp314t-win_arm64.whl", hash = "sha256:7b03048319bfc6170e93bd60728a1af51d3dd7704935feb228c4d4faab35d334", size = 2546446, upload-time = "2026-02-11T04:22:50.342Z" },
]

[[package]]
name = "pyperclip"
version = "1.11.0"
source = { registry = "https://pypi.org/simple" }
sdist = { url = "https://files.pythonhosted.org/packages/e8/52/d87eba7cb129b81563019d1679026e7a112ef76855d6159d24754dbd2a51/pyperclip-1.11.0.tar.gz", hash = "sha256:244035963e4428530d9e3a6101a1ef97209c6825edab1567beac148ccc1db1b6", size = 12185, upload-time = "2025-09-26T14:40:37.245Z" }
wheels = [
    { url = "https://files.pythonhosted.org/packages/df/80/fc9d01d5ed37ba4c42ca2b55b4339ae6e200b456be3a1aaddf4a9fa99b8c/pyperclip-1.11.0-py3-none-any.whl", hash = "sha256:299403e9ff44581cb9ba2ffeed69c7aa96a008622ad0c46cb575ca75b5b84273", size = 11063, upload-time = "2025-09-26T14:40:36.069Z" },
]

[[package]]
name = "pyupload"
version = "0.1.4"
source = { registry = "https://pypi.org/simple" }
dependencies = [
    { name = "click" },
    { name = "requests" },
    { name = "requests-toolbelt" },
]
sdist = { url = "https://files.pythonhosted.org/packages/dc/42/6abbb70d5703ec13820ca978f3da05fb530cbb0db3c875e43e75e6aa42d9/PyUpload-0.1.4.tar.gz", hash = "sha256:872dc91814abb6028f7c667064029170514d92d02e5f24e3692fab02297b6f09", size = 2992, upload-time = "2018-12-05T15:13:23.913Z" }
wheels = [
    { url = "https://files.pythonhosted.org/packages/55/64/5dd60b2764eac809cc6ba69cd5eb2ecdf449bd7c511101ec23c961f2b54c/PyUpload-0.1.4-py3-none-any.whl", hash = "sha256:141c7a63870065f1ec1ac46b0b675b852b44a40f5de9453c20b4ce3cbe532aa2", size = 6573, upload-time = "2018-12-05T15:13:22.4Z" },
]

[[package]]
name = "pywin32"
version = "311"
source = { registry = "https://pypi.org/simple" }
wheels = [
    { url = "https://files.pythonhosted.org/packages/c9/31/097f2e132c4f16d99a22bfb777e0fd88bd8e1c634304e102f313af69ace5/pywin32-311-cp314-cp314-win32.whl", hash = "sha256:b7a2c10b93f8986666d0c803ee19b5990885872a7de910fc460f9b0c2fbf92ee", size = 8840714, upload-time = "2025-07-14T20:13:32.449Z" },
    { url = "https://files.pythonhosted.org/packages/90/4b/07c77d8ba0e01349358082713400435347df8426208171ce297da32c313d/pywin32-311-cp314-cp314-win_amd64.whl", hash = "sha256:3aca44c046bd2ed8c90de9cb8427f581c479e594e99b5c0bb19b29c10fd6cb87", size = 9656800, upload-time = "2025-07-14T20:13:34.312Z" },
    { url = "https://files.pythonhosted.org/packages/c0/d2/21af5c535501a7233e734b8af901574572da66fcc254cb35d0609c9080dd/pywin32-311-cp314-cp314-win_arm64.whl", hash = "sha256:a508e2d9025764a8270f93111a970e1d0fbfc33f4153b388bb649b7eec4f9b42", size = 8932540, upload-time = "2025-07-14T20:13:36.379Z" },
]

[[package]]
name = "requests"
version = "2.32.5"
source = { registry = "https://pypi.org/simple" }
dependencies = [
    { name = "certifi" },
    { name = "charset-normalizer" },
    { name = "idna" },
    { name = "urllib3" },
]
sdist = { url = "https://files.pythonhosted.org/packages/c9/74/b3ff8e6c8446842c3f5c837e9c3dfcfe2018ea6ecef224c710c85ef728f4/requests-2.32.5.tar.gz", hash = "sha256:dbba0bac56e100853db0ea71b82b4dfd5fe2bf6d3754a8893c3af500cec7d7cf", size = 134517, upload-time = "2025-08-18T20:46:02.573Z" }
wheels = [
    { url = "https://files.pythonhosted.org/packages/1e/db/4254e3eabe8020b458f1a747140d32277ec7a271daf1d235b70dc0b4e6e3/requests-2.32.5-py3-none-any.whl", hash = "sha256:2462f94637a34fd532264295e186976db0f5d453d1cdd31473c85a6a161affb6", size = 64738, upload-time = "2025-08-18T20:46:00.542Z" },
]

[[package]]
name = "requests-toolbelt"
version = "1.0.0"
source = { registry = "https://pypi.org/simple" }
dependencies = [
    { name = "requests" },
]
sdist = { url = "https://files.pythonhosted.org/packages/f3/61/d7545dafb7ac2230c70d38d31cbfe4cc64f7144dc41f6e4e4b78ecd9f5bb/requests-toolbelt-1.0.0.tar.gz", hash = "sha256:7681a0a3d047012b5bdc0ee37d7f8f07ebe76ab08caeccfc3921ce23c88d5bc6", size = 206888, upload-time = "2023-05-01T04:11:33.229Z" }
wheels = [
    { url = "https://files.pythonhosted.org/packages/3f/51/d4db610ef29373b879047326cbf6fa98b6c1969d6f6dc423279de2b1be2c/requests_toolbelt-1.0.0-py2.py3-none-any.whl", hash = "sha256:cccfdd665f0a24fcf4726e690f65639d272bb0637b9b92dfd91a5568ccf6bd06", size = 54481, upload-time = "2023-05-01T04:11:28.427Z" },
]

[[package]]
name = "ttconv"
version = "1.2.1"
source = { registry = "https://pypi.org/simple" }
sdist = { url = "https://files.pythonhosted.org/packages/9f/42/4acf80d7652b1b0234913c23c29fa5d93e014e9fabfd8ff12a5a5334d022/ttconv-1.2.1.tar.gz", hash = "sha256:6d6802087687755115a99ed106d6fead5697f7ca382deb41040bf0f3519e7bd8", size = 113791, upload-time = "2026-01-20T16:50:43.405Z" }
wheels = [
    { url = "https://files.pythonhosted.org/packages/73/50/d9c888e363a49eae4bee2544c0e7013d9ddb706b8b1a31e6505460e11332/ttconv-1.2.1-py3-none-any.whl", hash = "sha256:03725a6da1e142e93dc704a0f812433e8b8799946d068c0814053151c26e249f", size = 174746, upload-time = "2026-01-20T16:50:41.708Z" },
]

[[package]]
name = "urllib3"
version = "2.6.3"
source = { registry = "https://pypi.org/simple" }
sdist = { url = "https://files.pythonhosted.org/packages/c7/24/5f1b3bdffd70275f6661c76461e25f024d5a38a46f04aaca912426a2b1d3/urllib3-2.6.3.tar.gz", hash = "sha256:1b62b6884944a57dbe321509ab94fd4d3b307075e0c2eae991ac71ee15ad38ed", size = 435556, upload-time = "2026-01-07T16:24:43.925Z" }
wheels = [
    { url = "https://files.pythonhosted.org/packages/39/08/aaaad47bc4e9dc8c725e68f9d04865dbcb2052843ff09c97b08904852d84/urllib3-2.6.3-py3-none-any.whl", hash = "sha256:bf272323e553dfb2e87d9bfd225ca7b0f467b919d7bbd355436d3fd37cb0acd4", size = 131584, upload-time = "2026-01-07T16:24:42.685Z" },
]

[[package]]
name = "yt-dlp"
version = "2026.3.17"
source = { registry = "https://pypi.org/simple" }
sdist = { url = "https://files.pythonhosted.org/packages/8b/34/7c6b4e3f89cb6416d2cd7ab6dab141a1df97ab0fb22d15816db2c92148c9/yt_dlp-2026.3.17.tar.gz", hash = "sha256:ba7aa31d533f1ffccfe70e421596d7ca8ff0bf1398dc6bb658b7d9dec057d2c9", size = 3119221, upload-time = "2026-03-17T23:43:00.244Z" }
wheels = [
    { url = "https://files.pythonhosted.org/packages/cd/13/5093bcb954878e50f7217fd2ab94282b53934022e4e4a03265582da83bf5/yt_dlp-2026.3.17-py3-none-any.whl", hash = "sha256:32992db94303a8a5d211a183f2174834fe7f8c29d83ed2e7a324eae97a8f26d8", size = 3315134, upload-time = "2026-03-17T23:42:57.863Z" },
]

[[package]]
name = "yt-dlp-ejs"
version = "0.8.0"
source = { registry = "https://pypi.org/simple" }
sdist = { url = "https://files.pythonhosted.org/packages/d3/e6/cceb9530e8f4e5940f6f7822d90e9d94f1b85343329a16baaf47bbbb3de1/yt_dlp_ejs-0.8.0.tar.gz", hash = "sha256:d5fa1639f63b5c4af8d932495f60689d5370f1a095782c944f7f62a303eb104e", size = 96571, upload-time = "2026-03-17T22:49:19.299Z" }
wheels = [
    { url = "https://files.pythonhosted.org/packages/e3/bd/520769863744b669440a924271a6159ddd82ad5ae26b4ac4d4b69e9f8d44/yt_dlp_ejs-0.8.0-py3-none-any.whl", hash = "sha256:79300e5fca7f937a1eeede11f0456862c1b41107ce1d726871e0207424f4bdb4", size = 53443, upload-time = "2026-03-17T22:49:17.736Z" },
]

[[package]]
name = "ytdlp"
version = "0.1.0"
source = { virtual = "." }
dependencies = [
    { name = "certifi" },
    { name = "click" },
    { name = "fake-useragent" },
    { name = "gallery-dl" },
    { name = "idna" },
    { name = "mutagen" },
    { name = "pillow" },
    { name = "pyperclip" },
    { name = "pyupload" },
    { name = "pywin32", marker = "sys_platform == 'win32'" },
    { name = "requests" },
    { name = "requests-toolbelt" },
    { name = "ttconv" },
    { name = "urllib3" },
    { name = "yt-dlp" },
    { name = "yt-dlp-ejs" },
]

[package.metadata]
requires-dist = [
    { name = "certifi", specifier = ">=2026.2.25" },
    { name = "click", specifier = ">=8.3.1" },
    { name = "fake-useragent", specifier = ">=2.2.0" },
    { name = "gallery-dl", specifier = ">=1.31.9" },
    { name = "idna", specifier = ">=3.11" },
    { name = "mutagen", specifier = ">=1.47.0" },
    { name = "pillow", specifier = ">=12.1.1" },
    { name = "pyperclip", specifier = ">=1.11.0" },
    { name = "pyupload", specifier = ">=0.1.4" },
    { name = "pywin32", marker = "sys_platform == 'win32'", specifier = ">=311" },
    { name = "requests", specifier = ">=2.32.5" },
    { name = "requests-toolbelt", specifier = ">=1.0.0" },
    { name = "ttconv", specifier = ">=1.2.1" },
    { name = "urllib3", specifier = ">=2.6.3" },
    { name = "yt-dlp", specifier = ">=2026.3.3" },
    { name = "yt-dlp-ejs", specifier = ">=0.5.0" },
]
